// !$*UTF8*$!
{
	archiveVersion = 1;
	classes = {
	};
	objectVersion = 46;
	objects = {

/* Begin PBXBuildFile section */
		2A7B09131C058796005C84EF /* AppDelegate.swift in Sources */ = {isa = PBXBuildFile; fileRef = 2A7B09121C058796005C84EF /* AppDelegate.swift */; };
		2A7B09151C058796005C84EF /* ViewController.swift in Sources */ = {isa = PBXBuildFile; fileRef = 2A7B09141C058796005C84EF /* ViewController.swift */; };
		2A7B09181C058796005C84EF /* Main.storyboard in Resources */ = {isa = PBXBuildFile; fileRef = 2A7B09161C058796005C84EF /* Main.storyboard */; };
		2A7B091A1C058796005C84EF /* Assets.xcassets in Resources */ = {isa = PBXBuildFile; fileRef = 2A7B09191C058796005C84EF /* Assets.xcassets */; };
		2A7B091D1C058796005C84EF /* LaunchScreen.storyboard in Resources */ = {isa = PBXBuildFile; fileRef = 2A7B091B1C058796005C84EF /* LaunchScreen.storyboard */; };
		2A7B09281C058796005C84EF /* HelloWorldTests.swift in Sources */ = {isa = PBXBuildFile; fileRef = 2A7B09271C058796005C84EF /* HelloWorldTests.swift */; };
		2A7B09331C058796005C84EF /* HelloWorldUITests.swift in Sources */ = {isa = PBXBuildFile; fileRef = 2A7B09321C058796005C84EF /* HelloWorldUITests.swift */; };
		2A7B09411C058E01005C84EF /* Screen Shot 2015-11-24 at 10.33.02 PM.png in Resources */ = {isa = PBXBuildFile; fileRef = 2A7B09401C058E01005C84EF /* Screen Shot 2015-11-24 at 10.33.02 PM.png */; settings = {ASSET_TAGS = (); }; };
		2A7B097D1C058F6B005C84EF /* Screen Shot 2015-11-24 at 10.40.19 PM.png in Resources */ = {isa = PBXBuildFile; fileRef = 2A7B097C1C058F6B005C84EF /* Screen Shot 2015-11-24 at 10.40.19 PM.png */; settings = {ASSET_TAGS = (); }; };
/* End PBXBuildFile section */

/* Begin PBXContainerItemProxy section */
		2A7B09241C058796005C84EF /* PBXContainerItemProxy */ = {
			isa = PBXContainerItemProxy;
			containerPortal = 2A7B09071C058796005C84EF /* Project object */;
			proxyType = 1;
			remoteGlobalIDString = 2A7B090E1C058796005C84EF;
			remoteInfo = HelloWorld;
		};
		2A7B092F1C058796005C84EF /* PBXContainerItemProxy */ = {
			isa = PBXContainerItemProxy;
			containerPortal = 2A7B09071C058796005C84EF /* Project object */;
			proxyType = 1;
			remoteGlobalIDString = 2A7B090E1C058796005C84EF;
			remoteInfo = HelloWorld;
		};
/* End PBXContainerItemProxy section */

/* Begin PBXFileReference section */
		2A7B090F1C058796005C84EF /* HelloWorld.app */ = {isa = PBXFileReference; explicitFileType = wrapper.application; includeInIndex = 0; path = HelloWorld.app; sourceTree = BUILT_PRODUCTS_DIR; };
		2A7B09121C058796005C84EF /* AppDelegate.swift */ = {isa = PBXFileReference; lastKnownFileType = sourcecode.swift; path = AppDelegate.swift; sourceTree = "<group>"; };
		2A7B09141C058796005C84EF /* ViewController.swift */ = {isa = PBXFileReference; lastKnownFileType = sourcecode.swift; path = ViewController.swift; sourceTree = "<group>"; };
		2A7B09171C058796005C84EF /* Base */ = {isa = PBXFileReference; lastKnownFileType = file.storyboard; name = Base; path = Base.lproj/Main.storyboard; sourceTree = "<group>"; };
		2A7B09191C058796005C84EF /* Assets.xcassets */ = {isa = PBXFileReference; lastKnownFileType = folder.assetcatalog; path = Assets.xcassets; sourceTree = "<group>"; };
		2A7B091C1C058796005C84EF /* Base */ = {isa = PBXFileReference; lastKnownFileType = file.storyboard; name = Base; path = Base.lproj/LaunchScreen.storyboard; sourceTree = "<group>"; };
		2A7B091E1C058796005C84EF /* Info.plist */ = {isa = PBXFileReference; lastKnownFileType = text.plist.xml; path = Info.plist; sourceTree = "<group>"; };
		2A7B09231C058796005C84EF /* HelloWorldTests.xctest */ = {isa = PBXFileReference; explicitFileType = wrapper.cfbundle; includeInIndex = 0; path = HelloWorldTests.xctest; sourceTree = BUILT_PRODUCTS_DIR; };
		2A7B09271C058796005C84EF /* HelloWorldTests.swift */ = {isa = PBXFileReference; lastKnownFileType = sourcecode.swift; path = HelloWorldTests.swift; sourceTree = "<group>"; };
		2A7B09291C058796005C84EF /* Info.plist */ = {isa = PBXFileReference; lastKnownFileType = text.plist.xml; path = Info.plist; sourceTree = "<group>"; };
		2A7B092E1C058796005C84EF /* HelloWorldUITests.xctest */ = {isa = PBXFileReference; explicitFileType = wrapper.cfbundle; includeInIndex = 0; path = HelloWorldUITests.xctest; sourceTree = BUILT_PRODUCTS_DIR; };
		2A7B09321C058796005C84EF /* HelloWorldUITests.swift */ = {isa = PBXFileReference; lastKnownFileType = sourcecode.swift; path = HelloWorldUITests.swift; sourceTree = "<group>"; };
		2A7B09341C058796005C84EF /* Info.plist */ = {isa = PBXFileReference; lastKnownFileType = text.plist.xml; path = Info.plist; sourceTree = "<group>"; };
		2A7B09401C058E01005C84EF /* Screen Shot 2015-11-24 at 10.33.02 PM.png */ = {isa = PBXFileReference; lastKnownFileType = image.png; path = "Screen Shot 2015-11-24 at 10.33.02 PM.png"; sourceTree = "<group>"; };
		2A7B097C1C058F6B005C84EF /* Screen Shot 2015-11-24 at 10.40.19 PM.png */ = {isa = PBXFileReference; lastKnownFileType = image.png; path = "Screen Shot 2015-11-24 at 10.40.19 PM.png"; sourceTree = "<group>"; };
/* End PBXFileReference section */

/* Begin PBXFrameworksBuildPhase section */
		2A7B090C1C058796005C84EF /* Frameworks */ = {
			isa = PBXFrameworksBuildPhase;
			buildActionMask = 2147483647;
			files = (
			);
			runOnlyForDeploymentPostprocessing = 0;
		};
		2A7B09201C058796005C84EF /* Frameworks */ = {
			isa = PBXFrameworksBuildPhase;
			buildActionMask = 2147483647;
			files = (
			);
			runOnlyForDeploymentPostprocessing = 0;
		};
		2A7B092B1C058796005C84EF /* Frameworks */ = {
			isa = PBXFrameworksBuildPhase;
			buildActionMask = 2147483647;
			files = (
			);
			runOnlyForDeploymentPostprocessing = 0;
		};
/* End PBXFrameworksBuildPhase section */

/* Begin PBXGroup section */
		2A7B09061C058796005C84EF = {
			isa = PBXGroup;
			children = (
				2A7B09111C058796005C84EF /* HelloWorld */,
				2A7B09261C058796005C84EF /* HelloWorldTests */,
				2A7B09311C058796005C84EF /* HelloWorldUITests */,
				2A7B09101C058796005C84EF /* Products */,
			);
			sourceTree = "<group>";
		};
		2A7B09101C058796005C84EF /* Products */ = {
			isa = PBXGroup;
			children = (
				2A7B090F1C058796005C84EF /* HelloWorld.app */,
				2A7B09231C058796005C84EF /* HelloWorldTests.xctest */,
				2A7B092E1C058796005C84EF /* HelloWorldUITests.xctest */,
			);
			name = Products;
			sourceTree = "<group>";
		};
		2A7B09111C058796005C84EF /* HelloWorld */ = {
			isa = PBXGroup;
			children = (
				2A7B09121C058796005C84EF /* AppDelegate.swift */,
				2A7B09141C058796005C84EF /* ViewController.swift */,
				2A7B09161C058796005C84EF /* Main.storyboard */,
				2A7B09401C058E01005C84EF /* Screen Shot 2015-11-24 at 10.33.02 PM.png */,
				2A7B097C1C058F6B005C84EF /* Screen Shot 2015-11-24 at 10.40.19 PM.png */,
				2A7B09191C058796005C84EF /* Assets.xcassets */,
				2A7B091B1C058796005C84EF /* LaunchScreen.storyboard */,
				2A7B091E1C058796005C84EF /* Info.plist */,
			);
			path = HelloWorld;
			sourceTree = "<group>";
		};
		2A7B09261C058796005C84EF /* HelloWorldTests */ = {
			isa = PBXGroup;
			children = (
				2A7B09271C058796005C84EF /* HelloWorldTests.swift */,
				2A7B09291C058796005C84EF /* Info.plist */,
			);
			path = HelloWorldTests;
			sourceTree = "<group>";
		};
		2A7B09311C058796005C84EF /* HelloWorldUITests */ = {
			isa = PBXGroup;
			children = (
				2A7B09321C058796005C84EF /* HelloWorldUITests.swift */,
				2A7B09341C058796005C84EF /* Info.plist */,
			);
			path = HelloWorldUITests;
			sourceTree = "<group>";
		};
/* End PBXGroup section */

/* Begin PBXNativeTarget section */
		2A7B090E1C058796005C84EF /* HelloWorld */ = {
			isa = PBXNativeTarget;
			buildConfigurationList = 2A7B09371C058796005C84EF /* Build configuration list for PBXNativeTarget "HelloWorld" */;
			buildPhases = (
				2A7B090B1C058796005C84EF /* Sources */,
				2A7B090C1C058796005C84EF /* Frameworks */,
				2A7B090D1C058796005C84EF /* Resources */,
			);
			buildRules = (
			);
			dependencies = (
			);
			name = HelloWorld;
			productName = HelloWorld;
			productReference = 2A7B090F1C058796005C84EF /* HelloWorld.app */;
			productType = "com.apple.product-type.application";
		};
		2A7B09221C058796005C84EF /* HelloWorldTests */ = {
			isa = PBXNativeTarget;
			buildConfigurationList = 2A7B093A1C058796005C84EF /* Build configuration list for PBXNativeTarget "HelloWorldTests" */;
			buildPhases = (
				2A7B091F1C058796005C84EF /* Sources */,
				2A7B09201C058796005C84EF /* Frameworks */,
				2A7B09211C058796005C84EF /* Resources */,
			);
			buildRules = (
			);
			dependencies = (
				2A7B09251C058796005C84EF /* PBXTargetDependency */,
			);
			name = HelloWorldTests;
			productName = HelloWorldTests;
			productReference = 2A7B09231C058796005C84EF /* HelloWorldTests.xctest */;
			productType = "com.apple.product-type.bundle.unit-test";
		};
		2A7B092D1C058796005C84EF /* HelloWorldUITests */ = {
			isa = PBXNativeTarget;
			buildConfigurationList = 2A7B093D1C058796005C84EF /* Build configuration list for PBXNativeTarget "HelloWorldUITests" */;
			buildPhases = (
				2A7B092A1C058796005C84EF /* Sources */,
				2A7B092B1C058796005C84EF /* Frameworks */,
				2A7B092C1C058796005C84EF /* Resources */,
			);
			buildRules = (
			);
			dependencies = (
				2A7B09301C058796005C84EF /* PBXTargetDependency */,
			);
			name = HelloWorldUITests;
			productName = HelloWorldUITests;
			productReference = 2A7B092E1C058796005C84EF /* HelloWorldUITests.xctest */;
			productType = "com.apple.product-type.bundle.ui-testing";
		};
/* End PBXNativeTarget section */

/* Begin PBXProject section */
		2A7B09071C058796005C84EF /* Project object */ = {
			isa = PBXProject;
			attributes = {
				LastUpgradeCheck = 0700;
				ORGANIZATIONNAME = "Kimar Arakaki Neves";
				TargetAttributes = {
					2A7B090E1C058796005C84EF = {
						CreatedOnToolsVersion = 7.0;
					};
					2A7B09221C058796005C84EF = {
						CreatedOnToolsVersion = 7.0;
						TestTargetID = 2A7B090E1C058796005C84EF;
					};
					2A7B092D1C058796005C84EF = {
						CreatedOnToolsVersion = 7.0;
						TestTargetID = 2A7B090E1C058796005C84EF;
					};
				};
			};
			buildConfigurationList = 2A7B090A1C058796005C84EF /* Build configuration list for PBXProject "HelloWorld" */;
			compatibilityVersion = "Xcode 3.2";
			developmentRegion = English;
			hasScannedForEncodings = 0;
			knownRegions = (
				en,
				Base,
			);
			mainGroup = 2A7B09061C058796005C84EF;
			productRefGroup = 2A7B09101C058796005C84EF /* Products */;
			projectDirPath = "";
			projectRoot = "";
			targets = (
				2A7B090E1C058796005C84EF /* HelloWorld */,
				2A7B09221C058796005C84EF /* HelloWorldTests */,
				2A7B092D1C058796005C84EF /* HelloWorldUITests */,
			);
		};
/* End PBXProject section */

/* Begin PBXResourcesBuildPhase section */
		2A7B090D1C058796005C84EF /* Resources */ = {
			isa = PBXResourcesBuildPhase;
			buildActionMask = 2147483647;
			files = (
				2A7B091D1C058796005C84EF /* LaunchScreen.storyboard in Resources */,
				2A7B091A1C058796005C84EF /* Assets.xcassets in Resources */,
				2A7B097D1C058F6B005C84EF /* Screen Shot 2015-11-24 at 10.40.19 PM.png in Resources */,
				2A7B09181C058796005C84EF /* Main.storyboard in Resources */,
				2A7B09411C058E01005C84EF /* Screen Shot 2015-11-24 at 10.33.02 PM.png in Resources */,
			);
			runOnlyForDeploymentPostprocessing = 0;
		};
		2A7B09211C058796005C84EF /* Resources */ = {
			isa = PBXResourcesBuildPhase;
			buildActionMask = 2147483647;
			files = (
			);
			runOnlyForDeploymentPostprocessing = 0;
		};
		2A7B092C1C058796005C84EF /* Resources */ = {
			isa = PBXResourcesBuildPhase;
			buildActionMask = 2147483647;
			files = (
			);
			runOnlyForDeploymentPostprocessing = 0;
		};
/* End PBXResourcesBuildPhase section */

/* Begin PBXSourcesBuildPhase section */
		2A7B090B1C058796005C84EF /* Sources */ = {
			isa = PBXSourcesBuildPhase;
			buildActionMask = 2147483647;
			files = (
				2A7B09151C058796005C84EF /* ViewController.swift in Sources */,
				2A7B09131C058796005C84EF /* AppDelegate.swift in Sources */,
			);
			runOnlyForDeploymentPostprocessing = 0;
		};
		2A7B091F1C058796005C84EF /* Sources */ = {
			isa = PBXSourcesBuildPhase;
			buildActionMask = 2147483647;
			files = (
				2A7B09281C058796005C84EF /* HelloWorldTests.swift in Sources */,
			);
			runOnlyForDeploymentPostprocessing = 0;
		};
		2A7B092A1C058796005C84EF /* Sources */ = {
			isa = PBXSourcesBuildPhase;
			buildActionMask = 2147483647;
			files = (
				2A7B09331C058796005C84EF /* HelloWorldUITests.swift in Sources */,
			);
			runOnlyForDeploymentPostprocessing = 0;
		};
/* End PBXSourcesBuildPhase section */

/* Begin PBXTargetDependency section */
		2A7B09251C058796005C84EF /* PBXTargetDependency */ = {
			isa = PBXTargetDependency;
			target = 2A7B090E1C058796005C84EF /* HelloWorld */;
			targetProxy = 2A7B09241C058796005C84EF /* PBXContainerItemProxy */;
		};
		2A7B09301C058796005C84EF /* PBXTargetDependency */ = {
			isa = PBXTargetDependency;
			target = 2A7B090E1C058796005C84EF /* HelloWorld */;
			targetProxy = 2A7B092F1C058796005C84EF /* PBXContainerItemProxy */;
		};
/* End PBXTargetDependency section */

/* Begin PBXVariantGroup section */
		2A7B09161C058796005C84EF /* Main.storyboard */ = {
			isa = PBXVariantGroup;
			children = (
				2A7B09171C058796005C84EF /* Base */,
			);
			name = Main.storyboard;
			sourceTree = "<group>";
		};
		2A7B091B1C058796005C84EF /* LaunchScreen.storyboard */ = {
			isa = PBXVariantGroup;
			children = (
				2A7B091C1C058796005C84EF /* Base */,
			);
			name = LaunchScreen.storyboard;
			sourceTree = "<group>";
		};
/* End PBXVariantGroup section */

/* Begin XCBuildConfiguration section */
		2A7B09351C058796005C84EF /* Debug */ = {
			isa = XCBuildConfiguration;
			buildSettings = {
				ALWAYS_SEARCH_USER_PATHS = NO;
				CLANG_CXX_LANGUAGE_STANDARD = "gnu++0x";
				CLANG_CXX_LIBRARY = "libc++";
				CLANG_ENABLE_MODULES = YES;
				CLANG_ENABLE_OBJC_ARC = YES;
				CLANG_WARN_BOOL_CONVERSION = YES;
				CLANG_WARN_CONSTANT_CONVERSION = YES;
				CLANG_WARN_DIRECT_OBJC_ISA_USAGE = YES_ERROR;
				CLANG_WARN_EMPTY_BODY = YES;
				CLANG_WARN_ENUM_CONVERSION = YES;
				CLANG_WARN_INT_CONVERSION = YES;
				CLANG_WARN_OBJC_ROOT_CLASS = YES_ERROR;
				CLANG_WARN_UNREACHABLE_CODE = YES;
				CLANG_WARN__DUPLICATE_METHOD_MATCH = YES;
				"CODE_SIGN_IDENTITY[sdk=iphoneos*]" = "iPhone Developer";
				COPY_PHASE_STRIP = NO;
				DEBUG_INFORMATION_FORMAT = dwarf;
				ENABLE_STRICT_OBJC_MSGSEND = YES;
				ENABLE_TESTABILITY = YES;
				GCC_C_LANGUAGE_STANDARD = gnu99;
				GCC_DYNAMIC_NO_PIC = NO;
				GCC_NO_COMMON_BLOCKS = YES;
				GCC_OPTIMIZATION_LEVEL = 0;
				GCC_PREPROCESSOR_DEFINITIONS = (
					"DEBUG=1",
					"$(inherited)",
				);
				GCC_WARN_64_TO_32_BIT_CONVERSION = YES;
				GCC_WARN_ABOUT_RETURN_TYPE = YES_ERROR;
				GCC_WARN_UNDECLARED_SELECTOR = YES;
				GCC_WARN_UNINITIALIZED_AUTOS = YES_AGGRESSIVE;
				GCC_WARN_UNUSED_FUNCTION = YES;
				GCC_WARN_UNUSED_VARIABLE = YES;
				IPHONEOS_DEPLOYMENT_TARGET = 9.0;
				MTL_ENABLE_DEBUG_INFO = YES;
				ONLY_ACTIVE_ARCH = YES;
				SDKROOT = iphoneos;
				SWIFT_OPTIMIZATION_LEVEL = "-Onone";
				TARGETED_DEVICE_FAMILY = "1,2";
			};
			name = Debug;
		};
		2A7B09361C058796005C84EF /* Release */ = {
			isa = XCBuildConfiguration;
			buildSettings = {
				ALWAYS_SEARCH_USER_PATHS = NO;
				CLANG_CXX_LANGUAGE_STANDARD = "gnu++0x";
				CLANG_CXX_LIBRARY = "libc++";
				CLANG_ENABLE_MODULES = YES;
				CLANG_ENABLE_OBJC_ARC = YES;
				CLANG_WARN_BOOL_CONVERSION = YES;
				CLANG_WARN_CONSTANT_CONVERSION = YES;
				CLANG_WARN_DIRECT_OBJC_ISA_USAGE = YES_ERROR;
				CLANG_WARN_EMPTY_BODY = YES;
				CLANG_WARN_ENUM_CONVERSION = YES;
				CLANG_WARN_INT_CONVERSION = YES;
				CLANG_WARN_OBJC_ROOT_CLASS = YES_ERROR;
				CLANG_WARN_UNREACHABLE_CODE = YES;
				CLANG_WARN__DUPLICATE_METHOD_MATCH = YES;
				"CODE_SIGN_IDENTITY[sdk=iphoneos*]" = "iPhone Developer";
				COPY_PHASE_STRIP = NO;
				DEBUG_INFORMATION_FORMAT = "dwarf-with-dsym";
				ENABLE_NS_ASSERTIONS = NO;
				ENABLE_STRICT_OBJC_MSGSEND = YES;
				GCC_C_LANGUAGE_STANDARD = gnu99;
				GCC_NO_COMMON_BLOCKS = YES;
				GCC_WARN_64_TO_32_BIT_CONVERSION = YES;
				GCC_WARN_ABOUT_RETURN_TYPE = YES_ERROR;
				GCC_WARN_UNDECLARED_SELECTOR = YES;
				GCC_WARN_UNINITIALIZED_AUTOS = YES_AGGRESSIVE;
				GCC_WARN_UNUSED_FUNCTION = YES;
				GCC_WARN_UNUSED_VARIABLE = YES;
				IPHONEOS_DEPLOYMENT_TARGET = 9.0;
				MTL_ENABLE_DEBUG_INFO = NO;
				SDKROOT = iphoneos;
				TARGETED_DEVICE_FAMILY = "1,2";
				VALIDATE_PRODUCT = YES;
			};
			name = Release;
		};
		2A7B09381C058796005C84EF /* Debug */ = {
			isa = XCBuildConfiguration;
			buildSettings = {
				ASSETCATALOG_COMPILER_APPICON_NAME = AppIcon;
				INFOPLIST_FILE = HelloWorld/Info.plist;
				LD_RUNPATH_SEARCH_PATHS = "$(inherited) @executable_path/Frameworks";
				PRODUCT_BUNDLE_IDENTIFIER = br.eng.kimar.HelloWorld;
				PRODUCT_NAME = "$(TARGET_NAME)";
				TARGETED_DEVICE_FAMILY = 1;
			};
			name = Debug;
		};
		2A7B09391C058796005C84EF /* Release */ = {
			isa = XCBuildConfiguration;
			buildSettings = {
				ASSETCATALOG_COMPILER_APPICON_NAME = AppIcon;
				INFOPLIST_FILE = HelloWorld/Info.plist;
				LD_RUNPATH_SEARCH_PATHS = "$(inherited) @executable_path/Frameworks";
				PRODUCT_BUNDLE_IDENTIFIER = br.eng.kimar.HelloWorld;
				PRODUCT_NAME = "$(TARGET_NAME)";
				TARGETED_DEVICE_FAMILY = 1;
			};
			name = Release;
		};
		2A7B093B1C058796005C84EF /* Debug */ = {
			isa = XCBuildConfiguration;
			buildSettings = {
				BUNDLE_LOADER = "$(TEST_HOST)";
				INFOPLIST_FILE = HelloWorldTests/Info.plist;
				LD_RUNPATH_SEARCH_PATHS = "$(inherited) @executable_path/Frameworks @loader_path/Frameworks";
				PRODUCT_BUNDLE_IDENTIFIER = br.eng.kimar.HelloWorldTests;
				PRODUCT_NAME = "$(TARGET_NAME)";
				TEST_HOST = "$(BUILT_PRODUCTS_DIR)/HelloWorld.app/HelloWorld";
			};
			name = Debug;
		};
		2A7B093C1C058796005C84EF /* Release */ = {
			isa = XCBuildConfiguration;
			buildSettings = {
				BUNDLE_LOADER = "$(TEST_HOST)";
				INFOPLIST_FILE = HelloWorldTests/Info.plist;
				LD_RUNPATH_SEARCH_PATHS = "$(inherited) @executable_path/Frameworks @loader_path/Frameworks";
				PRODUCT_BUNDLE_IDENTIFIER = br.eng.kimar.HelloWorldTests;
				PRODUCT_NAME = "$(TARGET_NAME)";
				TEST_HOST = "$(BUILT_PRODUCTS_DIR)/HelloWorld.app/HelloWorld";
			};
			name = Release;
		};
		2A7B093E1C058796005C84EF /* Debug */ = {
			isa = XCBuildConfiguration;
			buildSettings = {
				INFOPLIST_FILE = HelloWorldUITests/Info.plist;
				LD_RUNPATH_SEARCH_PATHS = "$(inherited) @executable_path/Frameworks @loader_path/Frameworks";
				PRODUCT_BUNDLE_IDENTIFIER = br.eng.kimar.HelloWorldUITests;
				PRODUCT_NAME = "$(TARGET_NAME)";
				TEST_TARGET_NAME = HelloWorld;
				USES_XCTRUNNER = YES;
			};
			name = Debug;
		};
		2A7B093F1C058796005C84EF /* Release */ = {
			isa = XCBuildConfiguration;
			buildSettings = {
				INFOPLIST_FILE = HelloWorldUITests/Info.plist;
				LD_RUNPATH_SEARCH_PATHS = "$(inherited) @executable_path/Frameworks @loader_path/Frameworks";
				PRODUCT_BUNDLE_IDENTIFIER = br.eng.kimar.HelloWorldUITests;
				PRODUCT_NAME = "$(TARGET_NAME)";
				TEST_TARGET_NAME = HelloWorld;
				USES_XCTRUNNER = YES;
			};
			name = Release;
		};
/* End XCBuildConfiguration section */

/* Begin XCConfigurationList section */
		2A7B090A1C058796005C84EF /* Build configuration list for PBXProject "HelloWorld" */ = {
			isa = XCConfigurationList;
			buildConfigurations = (
				2A7B09351C058796005C84EF /* Debug */,
				2A7B09361C058796005C84EF /* Release */,
			);
			defaultConfigurationIsVisible = 0;
			defaultConfigurationName = Release;
		};
		2A7B09371C058796005C84EF /* Build configuration list for PBXNativeTarget "HelloWorld" */ = {
			isa = XCConfigurationList;
			buildConfigurations = (
				2A7B09381C058796005C84EF /* Debug */,
				2A7B09391C058796005C84EF /* Release */,
			);
			defaultConfigurationIsVisible = 0;
		};
		2A7B093A1C058796005C84EF /* Build configuration list for PBXNativeTarget "HelloWorldTests" */ = {
			isa = XCConfigurationList;
			buildConfigurations = (
				2A7B093B1C058796005C84EF /* Debug */,
				2A7B093C1C058796005C84EF /* Release */,
			);
			defaultConfigurationIsVisible = 0;
		};
		2A7B093D1C058796005C84EF /* Build configuration list for PBXNativeTarget "HelloWorldUITests" */ = {
			isa = XCConfigurationList;
			buildConfigurations = (
				2A7B093E1C058796005C84EF /* Debug */,
				2A7B093F1C058796005C84EF /* Release */,
			);
			defaultConfigurationIsVisible = 0;
		};
/* End XCConfigurationList section */
	};
	rootObject = 2A7B09071C058796005C84EF /* Project object */;
}
